
Microsoft Visual Studio Solution File, Format Version 12.00
# Visual Studio Version 16
VisualStudioVersion = 16.0.30011.22
MinimumVisualStudioVersion = 10.0.40219.1
Project("{FAE04EC0-301F-11D3-BF4B-00C04F79EFBC}") = "cita-previa-xamarin.Android", "cita-previa-xamarin\cita-previa-xamarin.Android\cita-previa-xamarin.Android.csproj", "{BDA05291-4419-4227-ACF0-B9CC04889F0A}"
EndProject
Project("{FAE04EC0-301F-11D3-BF4B-00C04F79EFBC}") = "cita-previa-xamarin.iOS", "cita-previa-xamarin\cita-previa-xamarin.iOS\cita-previa-xamarin.iOS.csproj", "{57CA1334-36B7-4BE8-B85A-E778F10DEE3C}"
EndProject
Project("{FAE04EC0-301F-11D3-BF4B-00C04F79EFBC}") = "cita-previa-xamarin", "cita-previa-xamarin\cita-previa-xamarin\cita-previa-xamarin.csproj", "{E691F07C-F505-4AD9-9A93-BB84CB9C4B71}"
EndProject
Global
	GlobalSection(SolutionConfigurationPlatforms) = preSolution
		Debug|Any CPU = Debug|Any CPU
		Debug|iPhone = Debug|iPhone
		Debug|iPhoneSimulator = Debug|iPhoneSimulator
		Release|Any CPU = Release|Any CPU
		Release|iPhone = Release|iPhone
		Release|iPhoneSimulator = Release|iPhoneSimulator
	EndGlobalSection
	GlobalSection(ProjectConfigurationPlatforms) = postSolution
		{BDA05291-4419-4227-ACF0-B9CC04889F0A}.Debug|Any CPU.ActiveCfg = Debug|Any CPU
		{BDA05291-4419-4227-ACF0-B9CC04889F0A}.Debug|Any CPU.Build.0 = Debug|Any CPU
		{BDA05291-4419-4227-ACF0-B9CC04889F0A}.Debug|Any CPU.Deploy.0 = Debug|Any CPU
		{BDA05291-4419-4227-ACF0-B9CC04889F0A}.Debug|iPhone.ActiveCfg = Debug|Any CPU
		{BDA05291-4419-4227-ACF0-B9CC04889F0A}.Debug|iPhone.Build.0 = Debug|Any CPU
		{BDA05291-4419-4227-ACF0-B9CC04889F0A}.Debug|iPhone.Deploy.0 = Debug|Any CPU
		{BDA05291-4419-4227-ACF0-B9CC04889F0A}.Debug|iPhoneSimulator.ActiveCfg = Debug|Any CPU
		{BDA05291-4419-4227-ACF0-B9CC04889F0A}.Debug|iPhoneSimulator.Build.0 = Debug|Any CPU
		{BDA05291-4419-4227-ACF0-B9CC04889F0A}.Debug|iPhoneSimulator.Deploy.0 = Debug|Any CPU
		{BDA05291-4419-4227-ACF0-B9CC04889F0A}.Release|Any CPU.ActiveCfg = Release|Any CPU
		{BDA05291-4419-4227-ACF0-B9CC04889F0A}.Release|Any CPU.Build.0 = Release|Any CPU
		{BDA05291-4419-4227-ACF0-B9CC04889F0A}.Release|Any CPU.Deploy.0 = Release|Any CPU
		{BDA05291-4419-4227-ACF0-B9CC04889F0A}.Release|iPhone.ActiveCfg = Release|Any CPU
		{BDA05291-4419-4227-ACF0-B9CC04889F0A}.Release|iPhone.Build.0 = Release|Any CPU
		{BDA05291-4419-4227-ACF0-B9CC04889F0A}.Release|iPhone.Deploy.0 = Release|Any CPU
		{BDA05291-4419-4227-ACF0-B9CC04889F0A}.Release|iPhoneSimulator.ActiveCfg = Release|Any CPU
		{BDA05291-4419-4227-ACF0-B9CC04889F0A}.Release|iPhoneSimulator.Build.0 = Release|Any CPU
		{BDA05291-4419-4227-ACF0-B9CC04889F0A}.Release|iPhoneSimulator.Deploy.0 = Release|Any CPU
		{57CA1334-36B7-4BE8-B85A-E778F10DEE3C}.Debug|Any CPU.ActiveCfg = Debug|iPhone
		{57CA1334-36B7-4BE8-B85A-E778F10DEE3C}.Debug|Any CPU.Build.0 = Debug|iPhone
		{57CA1334-36B7-4BE8-B85A-E778F10DEE3C}.Debug|Any CPU.Deploy.0 = Debug|iPhone
		{57CA1334-36B7-4BE8-B85A-E778F10DEE3C}.Debug|iPhone.ActiveCfg = Debug|iPhone
		{57CA1334-36B7-4BE8-B85A-E778F10DEE3C}.Debug|iPhone.Build.0 = Debug|iPhone
		{57CA1334-36B7-4BE8-B85A-E778F10DEE3C}.Debug|iPhone.Deploy.0 = Debug|iPhone
		{57CA1334-36B7-4BE8-B85A-E778F10DEE3C}.Debug|iPhoneSimulator.ActiveCfg = Debug|iPhoneSimulator
		{57CA1334-36B7-4BE8-B85A-E778F10DEE3C}.Debug|iPhoneSimulator.Build.0 = Debug|iPhoneSimulator
		{57CA1334-36B7-4BE8-B85A-E778F10DEE3C}.Debug|iPhoneSimulator.Deploy.0 = Debug|iPhoneSimulator
		{57CA1334-36B7-4BE8-B85A-E778F10DEE3C}.Release|Any CPU.ActiveCfg = Release|iPhone
		{57CA1334-36B7-4BE8-B85A-E778F10DEE3C}.Release|Any CPU.Build.0 = Release|iPhone
		{57CA1334-36B7-4BE8-B85A-E778F10DEE3C}.Release|Any CPU.Deploy.0 = Release|iPhone
		{57CA1334-36B7-4BE8-B85A-E778F10DEE3C}.Release|iPhone.ActiveCfg = Release|iPhone
		{57CA1334-36B7-4BE8-B85A-E778F10DEE3C}.Release|iPhone.Build.0 = Release|iPhone
		{57CA1334-36B7-4BE8-B85A-E778F10DEE3C}.Release|iPhone.Deploy.0 = Release|iPhone
		{57CA1334-36B7-4BE8-B85A-E778F10DEE3C}.Release|iPhoneSimulator.ActiveCfg = Release|iPhoneSimulator
		{57CA1334-36B7-4BE8-B85A-E778F10DEE3C}.Release|iPhoneSimulator.Build.0 = Release|iPhoneSimulator
		{57CA1334-36B7-4BE8-B85A-E778F10DEE3C}.Release|iPhoneSimulator.Deploy.0 = Release|iPhoneSimulator
		{E691F07C-F505-4AD9-9A93-BB84CB9C4B71}.Debug|Any CPU.ActiveCfg = Debug|Any CPU
		{E691F07C-F505-4AD9-9A93-BB84CB9C4B71}.Debug|Any CPU.Build.0 = Debug|Any CPU
		{E691F07C-F505-4AD9-9A93-BB84CB9C4B71}.Debug|Any CPU.Deploy.0 = Debug|Any CPU
		{E691F07C-F505-4AD9-9A93-BB84CB9C4B71}.Debug|iPhone.ActiveCfg = Debug|Any CPU
		{E691F07C-F505-4AD9-9A93-BB84CB9C4B71}.Debug|iPhone.Build.0 = Debug|Any CPU
		{E691F07C-F505-4AD9-9A93-BB84CB9C4B71}.Debug|iPhone.Deploy.0 = Debug|Any CPU
		{E691F07C-F505-4AD9-9A93-BB84CB9C4B71}.Debug|iPhoneSimulator.ActiveCfg = Debug|Any CPU
		{E691F07C-F505-4AD9-9A93-BB84CB9C4B71}.Debug|iPhoneSimulator.Build.0 = Debug|Any CPU
		{E691F07C-F505-4AD9-9A93-BB84CB9C4B71}.Debug|iPhoneSimulator.Deploy.0 = Debug|Any CPU
		{E691F07C-F505-4AD9-9A93-BB84CB9C4B71}.Release|Any CPU.ActiveCfg = Release|Any CPU
		{E691F07C-F505-4AD9-9A93-BB84CB9C4B71}.Release|Any CPU.Build.0 = Release|Any CPU
		{E691F07C-F505-4AD9-9A93-BB84CB9C4B71}.Release|Any CPU.Deploy.0 = Release|Any CPU
		{E691F07C-F505-4AD9-9A93-BB84CB9C4B71}.Release|iPhone.ActiveCfg = Release|Any CPU
		{E691F07C-F505-4AD9-9A93-BB84CB9C4B71}.Release|iPhone.Build.0 = Release|Any CPU
		{E691F07C-F505-4AD9-9A93-BB84CB9C4B71}.Release|iPhone.Deploy.0 = Release|Any CPU
		{E691F07C-F505-4AD9-9A93-BB84CB9C4B71}.Release|iPhoneSimulator.ActiveCfg = Release|Any CPU
		{E691F07C-F505-4AD9-9A93-BB84CB9C4B71}.Release|iPhoneSimulator.Build.0 = Release|Any CPU
		{E691F07C-F505-4AD9-9A93-BB84CB9C4B71}.Release|iPhoneSimulator.Deploy.0 = Release|Any CPU
	EndGlobalSection
	GlobalSection(SolutionProperties) = preSolution
		HideSolutionNode = FALSE
	EndGlobalSection
	GlobalSection(ExtensibilityGlobals) = postSolution
		SolutionGuid = {93CF20DE-4167-4DE1-9ADE-D192023F4A63}
	EndGlobalSection
EndGlobal
